
Microsoft Visual Studio Solution File, Format Version 12.00
# Visual Studio 15
VisualStudioVersion = 15.0.28307.168
MinimumVisualStudioVersion = 10.0.40219.1
Project("{FAE04EC0-301F-11D3-BF4B-00C04F79EFBC}") = "ZavrsniIspitSe", "ZavrsniIspitSe\ZavrsniIspitSe.csproj", "{7F2D78A8-6991-45C3-A793-DF73723A66BC}"
EndProject
Global
	GlobalSection(SolutionConfigurationPlatforms) = preSolution
		Debug|Any CPU = Debug|Any CPU
		Release|Any CPU = Release|Any CPU
	EndGlobalSection
	GlobalSection(ProjectConfigurationPlatforms) = postSolution
		{7F2D78A8-6991-45C3-A793-DF73723A66BC}.Debug|Any CPU.ActiveCfg = Debug|Any CPU
		{7F2D78A8-6991-45C3-A793-DF73723A66BC}.Debug|Any CPU.Build.0 = Debug|Any CPU
		{7F2D78A8-6991-45C3-A793-DF73723A66BC}.Release|Any CPU.ActiveCfg = Release|Any CPU
		{7F2D78A8-6991-45C3-A793-DF73723A66BC}.Release|Any CPU.Build.0 = Release|Any CPU
	EndGlobalSection
	GlobalSection(SolutionProperties) = preSolution
		HideSolutionNode = FALSE
	EndGlobalSection
	GlobalSection(ExtensibilityGlobals) = postSolution
		SolutionGuid = {63805E94-44C3-49CC-ADB0-48D79ED10793}
	EndGlobalSection
EndGlobal
